
Microsoft Visual Studio Solution File, Format Version 12.00
# Visual Studio Version 17
VisualStudioVersion = 17.10.34804.81
MinimumVisualStudioVersion = 10.0.40219.1
Project("{9A19103F-16F7-4668-BE54-9A1E7A4F7556}") = "Growatt-console", "Growatt-console.csproj", "{AAD6B835-F046-46A6-B73B-02AAAD5E3ED0}"
EndProject
Project("{9A19103F-16F7-4668-BE54-9A1E7A4F7556}") = "Ealse.Growatt.Api", "..\Ealse.Growatt.Api\Ealse.Growatt.Api\Ealse.Growatt.Api.csproj", "{0C8A3F6A-DB4E-4849-AFD4-5F4F4072946C}"
EndProject
Global
	GlobalSection(SolutionConfigurationPlatforms) = preSolution
		Debug|Any CPU = Debug|Any CPU
		Release|Any CPU = Release|Any CPU
	EndGlobalSection
	GlobalSection(ProjectConfigurationPlatforms) = postSolution
		{AAD6B835-F046-46A6-B73B-02AAAD5E3ED0}.Debug|Any CPU.ActiveCfg = Debug|Any CPU
		{AAD6B835-F046-46A6-B73B-02AAAD5E3ED0}.Debug|Any CPU.Build.0 = Debug|Any CPU
		{AAD6B835-F046-46A6-B73B-02AAAD5E3ED0}.Release|Any CPU.ActiveCfg = Release|Any CPU
		{AAD6B835-F046-46A6-B73B-02AAAD5E3ED0}.Release|Any CPU.Build.0 = Release|Any CPU
		{0C8A3F6A-DB4E-4849-AFD4-5F4F4072946C}.Debug|Any CPU.ActiveCfg = Debug|Any CPU
		{0C8A3F6A-DB4E-4849-AFD4-5F4F4072946C}.Debug|Any CPU.Build.0 = Debug|Any CPU
		{0C8A3F6A-DB4E-4849-AFD4-5F4F4072946C}.Release|Any CPU.ActiveCfg = Release|Any CPU
		{0C8A3F6A-DB4E-4849-AFD4-5F4F4072946C}.Release|Any CPU.Build.0 = Release|Any CPU
	EndGlobalSection
	GlobalSection(SolutionProperties) = preSolution
		HideSolutionNode = FALSE
	EndGlobalSection
	GlobalSection(ExtensibilityGlobals) = postSolution
		SolutionGuid = {91BD1FD6-866E-471A-9976-5AEC953A0596}
	EndGlobalSection
EndGlobal
